
Microsoft Visual Studio Solution File, Format Version 12.00
# Visual Studio Version 17
VisualStudioVersion = 17.0.31903.59
MinimumVisualStudioVersion = 10.0.40219.1
Project("{2150E333-8FDC-42A3-9474-1A3956D46DE8}") = "src", "src", "{93A2A4E9-4B29-4291-BD3F-A6B62693C20C}"
EndProject
Project("{FAE04EC0-301F-11D3-BF4B-00C04F79EFBC}") = "BlogSamples", "src\BlogSamples\BlogSamples.csproj", "{06980456-3480-4295-99BE-24EC6FD07B4B}"
EndProject
Project("{2150E333-8FDC-42A3-9474-1A3956D46DE8}") = "tests", "tests", "{BCADF878-DFFD-4BF4-839A-480ABE33D6F5}"
EndProject
Project("{FAE04EC0-301F-11D3-BF4B-00C04F79EFBC}") = "BlogSamples.Tests", "tests\BlogSamples.Tests\BlogSamples.Tests.csproj", "{EB69E357-7291-4174-9797-D25C8A3235C3}"
EndProject
Project("{2150E333-8FDC-42A3-9474-1A3956D46DE8}") = "frontend", "frontend", "{CE609670-85B9-0D16-FB54-ED063D5D8A6D}"
EndProject
Project("{2150E333-8FDC-42A3-9474-1A3956D46DE8}") = "blazor-wasm", "blazor-wasm", "{4AFB6FDC-E6C1-0141-BC6C-571C9D2405EA}"
EndProject
Project("{FAE04EC0-301F-11D3-BF4B-00C04F79EFBC}") = "BlogSamples.BlazorWasm", "frontend\blazor-wasm\BlogSamples.BlazorWasm.csproj", "{CC44BA0B-3402-45BB-A157-241EB0CBEB7C}"
EndProject
Project("{2150E333-8FDC-42A3-9474-1A3956D46DE8}") = "BlogSamples", "BlogSamples", "{257EC64F-DA9D-B102-AE5C-16EA7FA4F1D1}"
EndProject
Project("{2150E333-8FDC-42A3-9474-1A3956D46DE8}") = "Packaging", "Packaging", "{61D2AB95-18B8-2C26-2B3C-6911738674F8}"
EndProject
Project("{2150E333-8FDC-42A3-9474-1A3956D46DE8}") = "NuGetPublish", "NuGetPublish", "{891D3409-B281-C9A1-B45F-438BC8144615}"
EndProject
Project("{FAE04EC0-301F-11D3-BF4B-00C04F79EFBC}") = "Contoso.TextRules", "src\BlogSamples\Packaging\NuGetPublish\Contoso.TextRules\Contoso.TextRules.csproj", "{40FD1A32-0A3B-454F-BF84-5067871C5258}"
EndProject
Global
	GlobalSection(SolutionConfigurationPlatforms) = preSolution
		Debug|Any CPU = Debug|Any CPU
		Debug|x64 = Debug|x64
		Debug|x86 = Debug|x86
		Release|Any CPU = Release|Any CPU
		Release|x64 = Release|x64
		Release|x86 = Release|x86
	EndGlobalSection
	GlobalSection(ProjectConfigurationPlatforms) = postSolution
		{06980456-3480-4295-99BE-24EC6FD07B4B}.Debug|Any CPU.ActiveCfg = Debug|Any CPU
		{06980456-3480-4295-99BE-24EC6FD07B4B}.Debug|Any CPU.Build.0 = Debug|Any CPU
		{06980456-3480-4295-99BE-24EC6FD07B4B}.Debug|x64.ActiveCfg = Debug|Any CPU
		{06980456-3480-4295-99BE-24EC6FD07B4B}.Debug|x64.Build.0 = Debug|Any CPU
		{06980456-3480-4295-99BE-24EC6FD07B4B}.Debug|x86.ActiveCfg = Debug|Any CPU
		{06980456-3480-4295-99BE-24EC6FD07B4B}.Debug|x86.Build.0 = Debug|Any CPU
		{06980456-3480-4295-99BE-24EC6FD07B4B}.Release|Any CPU.ActiveCfg = Release|Any CPU
		{06980456-3480-4295-99BE-24EC6FD07B4B}.Release|Any CPU.Build.0 = Release|Any CPU
		{06980456-3480-4295-99BE-24EC6FD07B4B}.Release|x64.ActiveCfg = Release|Any CPU
		{06980456-3480-4295-99BE-24EC6FD07B4B}.Release|x64.Build.0 = Release|Any CPU
		{06980456-3480-4295-99BE-24EC6FD07B4B}.Release|x86.ActiveCfg = Release|Any CPU
		{06980456-3480-4295-99BE-24EC6FD07B4B}.Release|x86.Build.0 = Release|Any CPU
		{EB69E357-7291-4174-9797-D25C8A3235C3}.Debug|Any CPU.ActiveCfg = Debug|Any CPU
		{EB69E357-7291-4174-9797-D25C8A3235C3}.Debug|Any CPU.Build.0 = Debug|Any CPU
		{EB69E357-7291-4174-9797-D25C8A3235C3}.Debug|x64.ActiveCfg = Debug|Any CPU
		{EB69E357-7291-4174-9797-D25C8A3235C3}.Debug|x64.Build.0 = Debug|Any CPU
		{EB69E357-7291-4174-9797-D25C8A3235C3}.Debug|x86.ActiveCfg = Debug|Any CPU
		{EB69E357-7291-4174-9797-D25C8A3235C3}.Debug|x86.Build.0 = Debug|Any CPU
		{EB69E357-7291-4174-9797-D25C8A3235C3}.Release|Any CPU.ActiveCfg = Release|Any CPU
		{EB69E357-7291-4174-9797-D25C8A3235C3}.Release|Any CPU.Build.0 = Release|Any CPU
		{EB69E357-7291-4174-9797-D25C8A3235C3}.Release|x64.ActiveCfg = Release|Any CPU
		{EB69E357-7291-4174-9797-D25C8A3235C3}.Release|x64.Build.0 = Release|Any CPU
		{EB69E357-7291-4174-9797-D25C8A3235C3}.Release|x86.ActiveCfg = Release|Any CPU
		{EB69E357-7291-4174-9797-D25C8A3235C3}.Release|x86.Build.0 = Release|Any CPU
		{CC44BA0B-3402-45BB-A157-241EB0CBEB7C}.Debug|Any CPU.ActiveCfg = Debug|Any CPU
		{CC44BA0B-3402-45BB-A157-241EB0CBEB7C}.Debug|Any CPU.Build.0 = Debug|Any CPU
		{CC44BA0B-3402-45BB-A157-241EB0CBEB7C}.Debug|x64.ActiveCfg = Debug|Any CPU
		{CC44BA0B-3402-45BB-A157-241EB0CBEB7C}.Debug|x64.Build.0 = Debug|Any CPU
		{CC44BA0B-3402-45BB-A157-241EB0CBEB7C}.Debug|x86.ActiveCfg = Debug|Any CPU
		{CC44BA0B-3402-45BB-A157-241EB0CBEB7C}.Debug|x86.Build.0 = Debug|Any CPU
		{CC44BA0B-3402-45BB-A157-241EB0CBEB7C}.Release|Any CPU.ActiveCfg = Release|Any CPU
		{CC44BA0B-3402-45BB-A157-241EB0CBEB7C}.Release|Any CPU.Build.0 = Release|Any CPU
		{CC44BA0B-3402-45BB-A157-241EB0CBEB7C}.Release|x64.ActiveCfg = Release|Any CPU
		{CC44BA0B-3402-45BB-A157-241EB0CBEB7C}.Release|x64.Build.0 = Release|Any CPU
		{CC44BA0B-3402-45BB-A157-241EB0CBEB7C}.Release|x86.ActiveCfg = Release|Any CPU
		{CC44BA0B-3402-45BB-A157-241EB0CBEB7C}.Release|x86.Build.0 = Release|Any CPU
		{40FD1A32-0A3B-454F-BF84-5067871C5258}.Debug|Any CPU.ActiveCfg = Debug|Any CPU
		{40FD1A32-0A3B-454F-BF84-5067871C5258}.Debug|Any CPU.Build.0 = Debug|Any CPU
		{40FD1A32-0A3B-454F-BF84-5067871C5258}.Debug|x64.ActiveCfg = Debug|Any CPU
		{40FD1A32-0A3B-454F-BF84-5067871C5258}.Debug|x64.Build.0 = Debug|Any CPU
		{40FD1A32-0A3B-454F-BF84-5067871C5258}.Debug|x86.ActiveCfg = Debug|Any CPU
		{40FD1A32-0A3B-454F-BF84-5067871C5258}.Debug|x86.Build.0 = Debug|Any CPU
		{40FD1A32-0A3B-454F-BF84-5067871C5258}.Release|Any CPU.ActiveCfg = Release|Any CPU
		{40FD1A32-0A3B-454F-BF84-5067871C5258}.Release|Any CPU.Build.0 = Release|Any CPU
		{40FD1A32-0A3B-454F-BF84-5067871C5258}.Release|x64.ActiveCfg = Release|Any CPU
		{40FD1A32-0A3B-454F-BF84-5067871C5258}.Release|x64.Build.0 = Release|Any CPU
		{40FD1A32-0A3B-454F-BF84-5067871C5258}.Release|x86.ActiveCfg = Release|Any CPU
		{40FD1A32-0A3B-454F-BF84-5067871C5258}.Release|x86.Build.0 = Release|Any CPU
	EndGlobalSection
	GlobalSection(SolutionProperties) = preSolution
		HideSolutionNode = FALSE
	EndGlobalSection
	GlobalSection(NestedProjects) = preSolution
		{06980456-3480-4295-99BE-24EC6FD07B4B} = {93A2A4E9-4B29-4291-BD3F-A6B62693C20C}
		{EB69E357-7291-4174-9797-D25C8A3235C3} = {BCADF878-DFFD-4BF4-839A-480ABE33D6F5}
		{4AFB6FDC-E6C1-0141-BC6C-571C9D2405EA} = {CE609670-85B9-0D16-FB54-ED063D5D8A6D}
		{CC44BA0B-3402-45BB-A157-241EB0CBEB7C} = {4AFB6FDC-E6C1-0141-BC6C-571C9D2405EA}
		{257EC64F-DA9D-B102-AE5C-16EA7FA4F1D1} = {93A2A4E9-4B29-4291-BD3F-A6B62693C20C}
		{61D2AB95-18B8-2C26-2B3C-6911738674F8} = {257EC64F-DA9D-B102-AE5C-16EA7FA4F1D1}
		{891D3409-B281-C9A1-B45F-438BC8144615} = {61D2AB95-18B8-2C26-2B3C-6911738674F8}
		{40FD1A32-0A3B-454F-BF84-5067871C5258} = {891D3409-B281-C9A1-B45F-438BC8144615}
	EndGlobalSection
EndGlobal
